
Microsoft Visual Studio Solution File, Format Version 12.00
# Visual Studio Version 16
VisualStudioVersion = 16.0.33214.272
MinimumVisualStudioVersion = 10.0.40219.1
Project("{FAE04EC0-301F-11D3-BF4B-00C04F79EFBC}") = "CauTrucLenhCoBan", "CauTrucLenhCoBan\CauTrucLenhCoBan.csproj", "{FA7DE7D2-182F-4CF2-AAF2-07E8ABC42827}"
EndProject
Global
	GlobalSection(SolutionConfigurationPlatforms) = preSolution
		Debug|Any CPU = Debug|Any CPU
		Release|Any CPU = Release|Any CPU
	EndGlobalSection
	GlobalSection(ProjectConfigurationPlatforms) = postSolution
		{FA7DE7D2-182F-4CF2-AAF2-07E8ABC42827}.Debug|Any CPU.ActiveCfg = Debug|Any CPU
		{FA7DE7D2-182F-4CF2-AAF2-07E8ABC42827}.Debug|Any CPU.Build.0 = Debug|Any CPU
		{FA7DE7D2-182F-4CF2-AAF2-07E8ABC42827}.Release|Any CPU.ActiveCfg = Release|Any CPU
		{FA7DE7D2-182F-4CF2-AAF2-07E8ABC42827}.Release|Any CPU.Build.0 = Release|Any CPU
	EndGlobalSection
	GlobalSection(SolutionProperties) = preSolution
		HideSolutionNode = FALSE
	EndGlobalSection
	GlobalSection(ExtensibilityGlobals) = postSolution
		SolutionGuid = {918B21C7-6A0D-4C56-A805-795957998DF7}
	EndGlobalSection
EndGlobal
